// !$*UTF8*$!
{
	archiveVersion = 1;
	classes = {
	};
	objectVersion = 48;
	objects = {

/* Begin PBXBuildFile section */
		A81AAE9812617544508198DF /* Pods_IssuesApp.framework in Frameworks */ = {isa = PBXBuildFile; fileRef = AFAEB14C7B584430DD0BA229 /* Pods_IssuesApp.framework */; };
		D70118D41FB1FC8E00B96A53 /* IssueCommentCell.xib in Resources */ = {isa = PBXBuildFile; fileRef = D70118D31FB1FC8E00B96A53 /* IssueCommentCell.xib */; };
		D70118D61FB2007A00B96A53 /* IssueCommentCell.swift in Sources */ = {isa = PBXBuildFile; fileRef = D70118D51FB2007A00B96A53 /* IssueCommentCell.swift */; };
		D70118D81FB2082E00B96A53 /* IssueDetailViewController.swift in Sources */ = {isa = PBXBuildFile; fileRef = D70118D71FB2082E00B96A53 /* IssueDetailViewController.swift */; };
		D70118DB1FB227C800B96A53 /* IssueDetailHeaderView.swift in Sources */ = {isa = PBXBuildFile; fileRef = D70118D91FB227C700B96A53 /* IssueDetailHeaderView.swift */; };
		D70118DC1FB227C800B96A53 /* IssueDetailHeaderView.xib in Resources */ = {isa = PBXBuildFile; fileRef = D70118DA1FB227C700B96A53 /* IssueDetailHeaderView.xib */; };
		D70118E21FB357C100B96A53 /* CreateIssueViewController.swift in Sources */ = {isa = PBXBuildFile; fileRef = D70118E11FB357C100B96A53 /* CreateIssueViewController.swift */; };
		D72956691FA8C20E00BBF451 /* IssueCell.xib in Resources */ = {isa = PBXBuildFile; fileRef = D72956681FA8C20E00BBF451 /* IssueCell.xib */; };
		D73487341FA391F600E9C4DC /* ReposViewController.swift in Sources */ = {isa = PBXBuildFile; fileRef = D73487331FA391F600E9C4DC /* ReposViewController.swift */; };
		D7372F6D1FAA1F62009CC7A5 /* LoadMoreFooterView.swift in Sources */ = {isa = PBXBuildFile; fileRef = D7372F6C1FAA1F62009CC7A5 /* LoadMoreFooterView.swift */; };
		D7372F6F1FAA1F96009CC7A5 /* LoadMoreFooterView.xib in Resources */ = {isa = PBXBuildFile; fileRef = D7372F6E1FAA1F96009CC7A5 /* LoadMoreFooterView.xib */; };
		D73C09DE1FA345A000B8DC58 /* AppDelegate.swift in Sources */ = {isa = PBXBuildFile; fileRef = D73C09DD1FA345A000B8DC58 /* AppDelegate.swift */; };
		D73C09E31FA345A000B8DC58 /* Main.storyboard in Resources */ = {isa = PBXBuildFile; fileRef = D73C09E11FA345A000B8DC58 /* Main.storyboard */; };
		D73C09E51FA345A000B8DC58 /* Assets.xcassets in Resources */ = {isa = PBXBuildFile; fileRef = D73C09E41FA345A000B8DC58 /* Assets.xcassets */; };
		D73C09E81FA345A000B8DC58 /* LaunchScreen.storyboard in Resources */ = {isa = PBXBuildFile; fileRef = D73C09E61FA345A000B8DC58 /* LaunchScreen.storyboard */; };
		D73C09F11FA3742300B8DC58 /* LoginViewController.swift in Sources */ = {isa = PBXBuildFile; fileRef = D73C09F01FA3742300B8DC58 /* LoginViewController.swift */; };
		D73C09F41FA37C3700B8DC58 /* GlobalState.swift in Sources */ = {isa = PBXBuildFile; fileRef = D73C09F31FA37C3700B8DC58 /* GlobalState.swift */; };
		D73C09F61FA37D0400B8DC58 /* API.swift in Sources */ = {isa = PBXBuildFile; fileRef = D73C09F51FA37D0400B8DC58 /* API.swift */; };
		D73C09F81FA37EB200B8DC58 /* App.swift in Sources */ = {isa = PBXBuildFile; fileRef = D73C09F71FA37EB200B8DC58 /* App.swift */; };
		D73C09FB1FA3809E00B8DC58 /* Model.swift in Sources */ = {isa = PBXBuildFile; fileRef = D73C09FA1FA3809E00B8DC58 /* Model.swift */; };
		D73C09FF1FA3860300B8DC58 /* DataRequest+Extension.swift in Sources */ = {isa = PBXBuildFile; fileRef = D73C09FE1FA3860300B8DC58 /* DataRequest+Extension.swift */; };
		D73C0A011FA3883B00B8DC58 /* RepoViewController.swift in Sources */ = {isa = PBXBuildFile; fileRef = D73C0A001FA3883B00B8DC58 /* RepoViewController.swift */; };
		D73C0A031FA38C4100B8DC58 /* ListViewController.swift in Sources */ = {isa = PBXBuildFile; fileRef = D73C0A021FA38C4100B8DC58 /* ListViewController.swift */; };
		D73E95BC1FAB4F06008955D5 /* IssuesViewController.swift in Sources */ = {isa = PBXBuildFile; fileRef = D73E95BB1FAB4F06008955D5 /* IssuesViewController.swift */; };
		D7DB7F941FA8E13F00B90DC7 /* IssueCell.swift in Sources */ = {isa = PBXBuildFile; fileRef = D7DB7F931FA8E13F00B90DC7 /* IssueCell.swift */; };
/* End PBXBuildFile section */

/* Begin PBXFileReference section */
		56DAF23B3BF3163B660FC98A /* Pods-IssuesApp.release.xcconfig */ = {isa = PBXFileReference; includeInIndex = 1; lastKnownFileType = text.xcconfig; name = "Pods-IssuesApp.release.xcconfig"; path = "Pods/Target Support Files/Pods-IssuesApp/Pods-IssuesApp.release.xcconfig"; sourceTree = "<group>"; };
		AFAEB14C7B584430DD0BA229 /* Pods_IssuesApp.framework */ = {isa = PBXFileReference; explicitFileType = wrapper.framework; includeInIndex = 0; path = Pods_IssuesApp.framework; sourceTree = BUILT_PRODUCTS_DIR; };
		D70118D31FB1FC8E00B96A53 /* IssueCommentCell.xib */ = {isa = PBXFileReference; lastKnownFileType = file.xib; path = IssueCommentCell.xib; sourceTree = "<group>"; };
		D70118D51FB2007A00B96A53 /* IssueCommentCell.swift */ = {isa = PBXFileReference; lastKnownFileType = sourcecode.swift; path = IssueCommentCell.swift; sourceTree = "<group>"; };
		D70118D71FB2082E00B96A53 /* IssueDetailViewController.swift */ = {isa = PBXFileReference; lastKnownFileType = sourcecode.swift; path = IssueDetailViewController.swift; sourceTree = "<group>"; };
		D70118D91FB227C700B96A53 /* IssueDetailHeaderView.swift */ = {isa = PBXFileReference; fileEncoding = 4; lastKnownFileType = sourcecode.swift; path = IssueDetailHeaderView.swift; sourceTree = "<group>"; };
		D70118DA1FB227C700B96A53 /* IssueDetailHeaderView.xib */ = {isa = PBXFileReference; fileEncoding = 4; lastKnownFileType = file.xib; path = IssueDetailHeaderView.xib; sourceTree = "<group>"; };
		D70118E11FB357C100B96A53 /* CreateIssueViewController.swift */ = {isa = PBXFileReference; lastKnownFileType = sourcecode.swift; path = CreateIssueViewController.swift; sourceTree = "<group>"; };
		D72956681FA8C20E00BBF451 /* IssueCell.xib */ = {isa = PBXFileReference; lastKnownFileType = file.xib; path = IssueCell.xib; sourceTree = "<group>"; };
		D73487331FA391F600E9C4DC /* ReposViewController.swift */ = {isa = PBXFileReference; lastKnownFileType = sourcecode.swift; path = ReposViewController.swift; sourceTree = "<group>"; };
		D7372F6C1FAA1F62009CC7A5 /* LoadMoreFooterView.swift */ = {isa = PBXFileReference; lastKnownFileType = sourcecode.swift; path = LoadMoreFooterView.swift; sourceTree = "<group>"; };
		D7372F6E1FAA1F96009CC7A5 /* LoadMoreFooterView.xib */ = {isa = PBXFileReference; fileEncoding = 4; lastKnownFileType = file.xib; path = LoadMoreFooterView.xib; sourceTree = "<group>"; };
		D73C09DA1FA345A000B8DC58 /* IssuesApp.app */ = {isa = PBXFileReference; explicitFileType = wrapper.application; includeInIndex = 0; path = IssuesApp.app; sourceTree = BUILT_PRODUCTS_DIR; };
		D73C09DD1FA345A000B8DC58 /* AppDelegate.swift */ = {isa = PBXFileReference; lastKnownFileType = sourcecode.swift; path = AppDelegate.swift; sourceTree = "<group>"; };
		D73C09E21FA345A000B8DC58 /* Base */ = {isa = PBXFileReference; lastKnownFileType = file.storyboard; name = Base; path = Base.lproj/Main.storyboard; sourceTree = "<group>"; };
		D73C09E41FA345A000B8DC58 /* Assets.xcassets */ = {isa = PBXFileReference; lastKnownFileType = folder.assetcatalog; path = Assets.xcassets; sourceTree = "<group>"; };
		D73C09E71FA345A000B8DC58 /* Base */ = {isa = PBXFileReference; lastKnownFileType = file.storyboard; name = Base; path = Base.lproj/LaunchScreen.storyboard; sourceTree = "<group>"; };
		D73C09E91FA345A000B8DC58 /* Info.plist */ = {isa = PBXFileReference; lastKnownFileType = text.plist.xml; path = Info.plist; sourceTree = "<group>"; };
		D73C09F01FA3742300B8DC58 /* LoginViewController.swift */ = {isa = PBXFileReference; lastKnownFileType = sourcecode.swift; path = LoginViewController.swift; sourceTree = "<group>"; };
		D73C09F31FA37C3700B8DC58 /* GlobalState.swift */ = {isa = PBXFileReference; lastKnownFileType = sourcecode.swift; path = GlobalState.swift; sourceTree = "<group>"; };
		D73C09F51FA37D0400B8DC58 /* API.swift */ = {isa = PBXFileReference; lastKnownFileType = sourcecode.swift; path = API.swift; sourceTree = "<group>"; };
		D73C09F71FA37EB200B8DC58 /* App.swift */ = {isa = PBXFileReference; lastKnownFileType = sourcecode.swift; path = App.swift; sourceTree = "<group>"; };
		D73C09FA1FA3809E00B8DC58 /* Model.swift */ = {isa = PBXFileReference; lastKnownFileType = sourcecode.swift; path = Model.swift; sourceTree = "<group>"; };
		D73C09FE1FA3860300B8DC58 /* DataRequest+Extension.swift */ = {isa = PBXFileReference; lastKnownFileType = sourcecode.swift; path = "DataRequest+Extension.swift"; sourceTree = "<group>"; };
		D73C0A001FA3883B00B8DC58 /* RepoViewController.swift */ = {isa = PBXFileReference; lastKnownFileType = sourcecode.swift; path = RepoViewController.swift; sourceTree = "<group>"; };
		D73C0A021FA38C4100B8DC58 /* ListViewController.swift */ = {isa = PBXFileReference; lastKnownFileType = sourcecode.swift; path = ListViewController.swift; sourceTree = "<group>"; };
		D73E95BB1FAB4F06008955D5 /* IssuesViewController.swift */ = {isa = PBXFileReference; lastKnownFileType = sourcecode.swift; path = IssuesViewController.swift; sourceTree = "<group>"; };
		D7DB7F931FA8E13F00B90DC7 /* IssueCell.swift */ = {isa = PBXFileReference; lastKnownFileType = sourcecode.swift; path = IssueCell.swift; sourceTree = "<group>"; };
		FBFCA7132A98109B71E0291A /* Pods-IssuesApp.debug.xcconfig */ = {isa = PBXFileReference; includeInIndex = 1; lastKnownFileType = text.xcconfig; name = "Pods-IssuesApp.debug.xcconfig"; path = "Pods/Target Support Files/Pods-IssuesApp/Pods-IssuesApp.debug.xcconfig"; sourceTree = "<group>"; };
/* End PBXFileReference section */

/* Begin PBXFrameworksBuildPhase section */
		D73C09D71FA345A000B8DC58 /* Frameworks */ = {
			isa = PBXFrameworksBuildPhase;
			buildActionMask = 2147483647;
			files = (
				A81AAE9812617544508198DF /* Pods_IssuesApp.framework in Frameworks */,
			);
			runOnlyForDeploymentPostprocessing = 0;
		};
/* End PBXFrameworksBuildPhase section */

/* Begin PBXGroup section */
		390F8305C9C6EB3E3422073A /* Pods */ = {
			isa = PBXGroup;
			children = (
				FBFCA7132A98109B71E0291A /* Pods-IssuesApp.debug.xcconfig */,
				56DAF23B3BF3163B660FC98A /* Pods-IssuesApp.release.xcconfig */,
			);
			name = Pods;
			sourceTree = "<group>";
		};
		98AEA1E1B3D02E568096EB65 /* Frameworks */ = {
			isa = PBXGroup;
			children = (
				AFAEB14C7B584430DD0BA229 /* Pods_IssuesApp.framework */,
			);
			name = Frameworks;
			sourceTree = "<group>";
		};
		D729565D1FA7890D00BBF451 /* Cell */ = {
			isa = PBXGroup;
			children = (
				D72956681FA8C20E00BBF451 /* IssueCell.xib */,
				D7DB7F931FA8E13F00B90DC7 /* IssueCell.swift */,
				D7372F6C1FAA1F62009CC7A5 /* LoadMoreFooterView.swift */,
				D7372F6E1FAA1F96009CC7A5 /* LoadMoreFooterView.xib */,
				D70118D31FB1FC8E00B96A53 /* IssueCommentCell.xib */,
				D70118D51FB2007A00B96A53 /* IssueCommentCell.swift */,
				D70118D91FB227C700B96A53 /* IssueDetailHeaderView.swift */,
				D70118DA1FB227C700B96A53 /* IssueDetailHeaderView.xib */,
			);
			path = Cell;
			sourceTree = "<group>";
		};
		D73C09D11FA345A000B8DC58 = {
			isa = PBXGroup;
			children = (
				D73C09DC1FA345A000B8DC58 /* IssuesApp */,
				D73C09DB1FA345A000B8DC58 /* Products */,
				390F8305C9C6EB3E3422073A /* Pods */,
				98AEA1E1B3D02E568096EB65 /* Frameworks */,
			);
			sourceTree = "<group>";
		};
		D73C09DB1FA345A000B8DC58 /* Products */ = {
			isa = PBXGroup;
			children = (
				D73C09DA1FA345A000B8DC58 /* IssuesApp.app */,
			);
			name = Products;
			sourceTree = "<group>";
		};
		D73C09DC1FA345A000B8DC58 /* IssuesApp */ = {
			isa = PBXGroup;
			children = (
				D73C09F91FA3808C00B8DC58 /* Model */,
				D73C09EF1FA3740C00B8DC58 /* View */,
				D73C09F21FA37C0700B8DC58 /* Util */,
				D73C09DD1FA345A000B8DC58 /* AppDelegate.swift */,
				D73C09E11FA345A000B8DC58 /* Main.storyboard */,
				D73C09E41FA345A000B8DC58 /* Assets.xcassets */,
				D73C09E61FA345A000B8DC58 /* LaunchScreen.storyboard */,
				D73C09E91FA345A000B8DC58 /* Info.plist */,
			);
			path = IssuesApp;
			sourceTree = "<group>";
		};
		D73C09EF1FA3740C00B8DC58 /* View */ = {
			isa = PBXGroup;
			children = (
				D729565D1FA7890D00BBF451 /* Cell */,
				D73C09F01FA3742300B8DC58 /* LoginViewController.swift */,
				D73C0A001FA3883B00B8DC58 /* RepoViewController.swift */,
				D73C0A021FA38C4100B8DC58 /* ListViewController.swift */,
				D73487331FA391F600E9C4DC /* ReposViewController.swift */,
				D73E95BB1FAB4F06008955D5 /* IssuesViewController.swift */,
				D70118D71FB2082E00B96A53 /* IssueDetailViewController.swift */,
				D70118E11FB357C100B96A53 /* CreateIssueViewController.swift */,
			);
			path = View;
			sourceTree = "<group>";
		};
		D73C09F21FA37C0700B8DC58 /* Util */ = {
			isa = PBXGroup;
			children = (
				D73C09FD1FA385ED00B8DC58 /* Extension */,
				D73C09FC1FA385E300B8DC58 /* API */,
				D73C09F31FA37C3700B8DC58 /* GlobalState.swift */,
				D73C09F71FA37EB200B8DC58 /* App.swift */,
			);
			path = Util;
			sourceTree = "<group>";
		};
		D73C09F91FA3808C00B8DC58 /* Model */ = {
			isa = PBXGroup;
			children = (
				D73C09FA1FA3809E00B8DC58 /* Model.swift */,
			);
			path = Model;
			sourceTree = "<group>";
		};
		D73C09FC1FA385E300B8DC58 /* API */ = {
			isa = PBXGroup;
			children = (
				D73C09F51FA37D0400B8DC58 /* API.swift */,
			);
			path = API;
			sourceTree = "<group>";
		};
		D73C09FD1FA385ED00B8DC58 /* Extension */ = {
			isa = PBXGroup;
			children = (
				D73C09FE1FA3860300B8DC58 /* DataRequest+Extension.swift */,
			);
			path = Extension;
			sourceTree = "<group>";
		};
/* End PBXGroup section */

/* Begin PBXNativeTarget section */
		D73C09D91FA345A000B8DC58 /* IssuesApp */ = {
			isa = PBXNativeTarget;
			buildConfigurationList = D73C09EC1FA345A000B8DC58 /* Build configuration list for PBXNativeTarget "IssuesApp" */;
			buildPhases = (
				5F471140B9F2B57111035072 /* [CP] Check Pods Manifest.lock */,
				D73C09D61FA345A000B8DC58 /* Sources */,
				D73C09D71FA345A000B8DC58 /* Frameworks */,
				D73C09D81FA345A000B8DC58 /* Resources */,
				26736375CC341C27E2B966DD /* [CP] Embed Pods Frameworks */,
				EFD369219CA9AD9F827F4DED /* [CP] Copy Pods Resources */,
			);
			buildRules = (
			);
			dependencies = (
			);
			name = IssuesApp;
			productName = IssuesApp;
			productReference = D73C09DA1FA345A000B8DC58 /* IssuesApp.app */;
			productType = "com.apple.product-type.application";
		};
/* End PBXNativeTarget section */

/* Begin PBXProject section */
		D73C09D21FA345A000B8DC58 /* Project object */ = {
			isa = PBXProject;
			attributes = {
				LastSwiftUpdateCheck = 0900;
				LastUpgradeCheck = 0900;
				ORGANIZATIONNAME = intmain;
				TargetAttributes = {
					D73C09D91FA345A000B8DC58 = {
						CreatedOnToolsVersion = 9.0;
						ProvisioningStyle = Automatic;
					};
				};
			};
			buildConfigurationList = D73C09D51FA345A000B8DC58 /* Build configuration list for PBXProject "IssuesApp" */;
			compatibilityVersion = "Xcode 8.0";
			developmentRegion = en;
			hasScannedForEncodings = 0;
			knownRegions = (
				en,
				Base,
			);
			mainGroup = D73C09D11FA345A000B8DC58;
			productRefGroup = D73C09DB1FA345A000B8DC58 /* Products */;
			projectDirPath = "";
			projectRoot = "";
			targets = (
				D73C09D91FA345A000B8DC58 /* IssuesApp */,
			);
		};
/* End PBXProject section */

/* Begin PBXResourcesBuildPhase section */
		D73C09D81FA345A000B8DC58 /* Resources */ = {
			isa = PBXResourcesBuildPhase;
			buildActionMask = 2147483647;
			files = (
				D73C09E81FA345A000B8DC58 /* LaunchScreen.storyboard in Resources */,
				D7372F6F1FAA1F96009CC7A5 /* LoadMoreFooterView.xib in Resources */,
				D73C09E51FA345A000B8DC58 /* Assets.xcassets in Resources */,
				D70118D41FB1FC8E00B96A53 /* IssueCommentCell.xib in Resources */,
				D73C09E31FA345A000B8DC58 /* Main.storyboard in Resources */,
				D72956691FA8C20E00BBF451 /* IssueCell.xib in Resources */,
				D70118DC1FB227C800B96A53 /* IssueDetailHeaderView.xib in Resources */,
			);
			runOnlyForDeploymentPostprocessing = 0;
		};
/* End PBXResourcesBuildPhase section */

/* Begin PBXShellScriptBuildPhase section */
		26736375CC341C27E2B966DD /* [CP] Embed Pods Frameworks */ = {
			isa = PBXShellScriptBuildPhase;
			buildActionMask = 2147483647;
			files = (
			);
			inputPaths = (
				"${SRCROOT}/Pods/Target Support Files/Pods-IssuesApp/Pods-IssuesApp-frameworks.sh",
				"${BUILT_PRODUCTS_DIR}/Alamofire/Alamofire.framework",
				"${BUILT_PRODUCTS_DIR}/AlamofireImage/AlamofireImage.framework",
				"${BUILT_PRODUCTS_DIR}/OAuthSwift/OAuthSwift.framework",
				"${BUILT_PRODUCTS_DIR}/SwiftyJSON/SwiftyJSON.framework",
			);
			name = "[CP] Embed Pods Frameworks";
			outputPaths = (
				"${TARGET_BUILD_DIR}/${FRAMEWORKS_FOLDER_PATH}/Alamofire.framework",
				"${TARGET_BUILD_DIR}/${FRAMEWORKS_FOLDER_PATH}/AlamofireImage.framework",
				"${TARGET_BUILD_DIR}/${FRAMEWORKS_FOLDER_PATH}/OAuthSwift.framework",
				"${TARGET_BUILD_DIR}/${FRAMEWORKS_FOLDER_PATH}/SwiftyJSON.framework",
			);
			runOnlyForDeploymentPostprocessing = 0;
			shellPath = /bin/sh;
			shellScript = "\"${SRCROOT}/Pods/Target Support Files/Pods-IssuesApp/Pods-IssuesApp-frameworks.sh\"\n";
			showEnvVarsInLog = 0;
		};
		5F471140B9F2B57111035072 /* [CP] Check Pods Manifest.lock */ = {
			isa = PBXShellScriptBuildPhase;
			buildActionMask = 2147483647;
			files = (
			);
			inputPaths = (
				"${PODS_PODFILE_DIR_PATH}/Podfile.lock",
				"${PODS_ROOT}/Manifest.lock",
			);
			name = "[CP] Check Pods Manifest.lock";
			outputPaths = (
				"$(DERIVED_FILE_DIR)/Pods-IssuesApp-checkManifestLockResult.txt",
			);
			runOnlyForDeploymentPostprocessing = 0;
			shellPath = /bin/sh;
			shellScript = "diff \"${PODS_PODFILE_DIR_PATH}/Podfile.lock\" \"${PODS_ROOT}/Manifest.lock\" > /dev/null\nif [ $? != 0 ] ; then\n    # print error to STDERR\n    echo \"error: The sandbox is not in sync with the Podfile.lock. Run 'pod install' or update your CocoaPods installation.\" >&2\n    exit 1\nfi\n# This output is used by Xcode 'outputs' to avoid re-running this script phase.\necho \"SUCCESS\" > \"${SCRIPT_OUTPUT_FILE_0}\"\n";
			showEnvVarsInLog = 0;
		};
		EFD369219CA9AD9F827F4DED /* [CP] Copy Pods Resources */ = {
			isa = PBXShellScriptBuildPhase;
			buildActionMask = 2147483647;
			files = (
			);
			inputPaths = (
			);
			name = "[CP] Copy Pods Resources";
			outputPaths = (
			);
			runOnlyForDeploymentPostprocessing = 0;
			shellPath = /bin/sh;
			shellScript = "\"${SRCROOT}/Pods/Target Support Files/Pods-IssuesApp/Pods-IssuesApp-resources.sh\"\n";
			showEnvVarsInLog = 0;
		};
/* End PBXShellScriptBuildPhase section */

/* Begin PBXSourcesBuildPhase section */
		D73C09D61FA345A000B8DC58 /* Sources */ = {
			isa = PBXSourcesBuildPhase;
			buildActionMask = 2147483647;
			files = (
				D73C0A011FA3883B00B8DC58 /* RepoViewController.swift in Sources */,
				D7DB7F941FA8E13F00B90DC7 /* IssueCell.swift in Sources */,
				D73C09F11FA3742300B8DC58 /* LoginViewController.swift in Sources */,
				D73487341FA391F600E9C4DC /* ReposViewController.swift in Sources */,
				D73C09DE1FA345A000B8DC58 /* AppDelegate.swift in Sources */,
				D70118D81FB2082E00B96A53 /* IssueDetailViewController.swift in Sources */,
				D73C0A031FA38C4100B8DC58 /* ListViewController.swift in Sources */,
				D73C09F61FA37D0400B8DC58 /* API.swift in Sources */,
				D70118E21FB357C100B96A53 /* CreateIssueViewController.swift in Sources */,
				D73C09FB1FA3809E00B8DC58 /* Model.swift in Sources */,
				D7372F6D1FAA1F62009CC7A5 /* LoadMoreFooterView.swift in Sources */,
				D73C09FF1FA3860300B8DC58 /* DataRequest+Extension.swift in Sources */,
				D70118DB1FB227C800B96A53 /* IssueDetailHeaderView.swift in Sources */,
				D73C09F81FA37EB200B8DC58 /* App.swift in Sources */,
				D73C09F41FA37C3700B8DC58 /* GlobalState.swift in Sources */,
				D73E95BC1FAB4F06008955D5 /* IssuesViewController.swift in Sources */,
				D70118D61FB2007A00B96A53 /* IssueCommentCell.swift in Sources */,
			);
			runOnlyForDeploymentPostprocessing = 0;
		};
/* End PBXSourcesBuildPhase section */

/* Begin PBXVariantGroup section */
		D73C09E11FA345A000B8DC58 /* Main.storyboard */ = {
			isa = PBXVariantGroup;
			children = (
				D73C09E21FA345A000B8DC58 /* Base */,
			);
			name = Main.storyboard;
			sourceTree = "<group>";
		};
		D73C09E61FA345A000B8DC58 /* LaunchScreen.storyboard */ = {
			isa = PBXVariantGroup;
			children = (
				D73C09E71FA345A000B8DC58 /* Base */,
			);
			name = LaunchScreen.storyboard;
			sourceTree = "<group>";
		};
/* End PBXVariantGroup section */

/* Begin XCBuildConfiguration section */
		D73C09EA1FA345A000B8DC58 /* Debug */ = {
			isa = XCBuildConfiguration;
			buildSettings = {
				ALWAYS_SEARCH_USER_PATHS = NO;
				CLANG_ANALYZER_NONNULL = YES;
				CLANG_ANALYZER_NUMBER_OBJECT_CONVERSION = YES_AGGRESSIVE;
				CLANG_CXX_LANGUAGE_STANDARD = "gnu++14";
				CLANG_CXX_LIBRARY = "libc++";
				CLANG_ENABLE_MODULES = YES;
				CLANG_ENABLE_OBJC_ARC = YES;
				CLANG_WARN_BLOCK_CAPTURE_AUTORELEASING = YES;
				CLANG_WARN_BOOL_CONVERSION = YES;
				CLANG_WARN_COMMA = YES;
				CLANG_WARN_CONSTANT_CONVERSION = YES;
				CLANG_WARN_DIRECT_OBJC_ISA_USAGE = YES_ERROR;
				CLANG_WARN_DOCUMENTATION_COMMENTS = YES;
				CLANG_WARN_EMPTY_BODY = YES;
				CLANG_WARN_ENUM_CONVERSION = YES;
				CLANG_WARN_INFINITE_RECURSION = YES;
				CLANG_WARN_INT_CONVERSION = YES;
				CLANG_WARN_NON_LITERAL_NULL_CONVERSION = YES;
				CLANG_WARN_OBJC_LITERAL_CONVERSION = YES;
				CLANG_WARN_OBJC_ROOT_CLASS = YES_ERROR;
				CLANG_WARN_RANGE_LOOP_ANALYSIS = YES;
				CLANG_WARN_STRICT_PROTOTYPES = YES;
				CLANG_WARN_SUSPICIOUS_MOVE = YES;
				CLANG_WARN_UNGUARDED_AVAILABILITY = YES_AGGRESSIVE;
				CLANG_WARN_UNREACHABLE_CODE = YES;
				CLANG_WARN__DUPLICATE_METHOD_MATCH = YES;
				CODE_SIGN_IDENTITY = "iPhone Developer";
				COPY_PHASE_STRIP = NO;
				DEBUG_INFORMATION_FORMAT = dwarf;
				ENABLE_STRICT_OBJC_MSGSEND = YES;
				ENABLE_TESTABILITY = YES;
				GCC_C_LANGUAGE_STANDARD = gnu11;
				GCC_DYNAMIC_NO_PIC = NO;
				GCC_NO_COMMON_BLOCKS = YES;
				GCC_OPTIMIZATION_LEVEL = 0;
				GCC_PREPROCESSOR_DEFINITIONS = (
					"DEBUG=1",
					"$(inherited)",
				);
				GCC_WARN_64_TO_32_BIT_CONVERSION = YES;
				GCC_WARN_ABOUT_RETURN_TYPE = YES_ERROR;
				GCC_WARN_UNDECLARED_SELECTOR = YES;
				GCC_WARN_UNINITIALIZED_AUTOS = YES_AGGRESSIVE;
				GCC_WARN_UNUSED_FUNCTION = YES;
				GCC_WARN_UNUSED_VARIABLE = YES;
				IPHONEOS_DEPLOYMENT_TARGET = 11.0;
				MTL_ENABLE_DEBUG_INFO = YES;
				ONLY_ACTIVE_ARCH = YES;
				SDKROOT = iphoneos;
				SWIFT_ACTIVE_COMPILATION_CONDITIONS = DEBUG;
				SWIFT_OPTIMIZATION_LEVEL = "-Onone";
			};
			name = Debug;
		};
		D73C09EB1FA345A000B8DC58 /* Release */ = {
			isa = XCBuildConfiguration;
			buildSettings = {
				ALWAYS_SEARCH_USER_PATHS = NO;
				CLANG_ANALYZER_NONNULL = YES;
				CLANG_ANALYZER_NUMBER_OBJECT_CONVERSION = YES_AGGRESSIVE;
				CLANG_CXX_LANGUAGE_STANDARD = "gnu++14";
				CLANG_CXX_LIBRARY = "libc++";
				CLANG_ENABLE_MODULES = YES;
				CLANG_ENABLE_OBJC_ARC = YES;
				CLANG_WARN_BLOCK_CAPTURE_AUTORELEASING = YES;
				CLANG_WARN_BOOL_CONVERSION = YES;
				CLANG_WARN_COMMA = YES;
				CLANG_WARN_CONSTANT_CONVERSION = YES;
				CLANG_WARN_DIRECT_OBJC_ISA_USAGE = YES_ERROR;
				CLANG_WARN_DOCUMENTATION_COMMENTS = YES;
				CLANG_WARN_EMPTY_BODY = YES;
				CLANG_WARN_ENUM_CONVERSION = YES;
				CLANG_WARN_INFINITE_RECURSION = YES;
				CLANG_WARN_INT_CONVERSION = YES;
				CLANG_WARN_NON_LITERAL_NULL_CONVERSION = YES;
				CLANG_WARN_OBJC_LITERAL_CONVERSION = YES;
				CLANG_WARN_OBJC_ROOT_CLASS = YES_ERROR;
				CLANG_WARN_RANGE_LOOP_ANALYSIS = YES;
				CLANG_WARN_STRICT_PROTOTYPES = YES;
				CLANG_WARN_SUSPICIOUS_MOVE = YES;
				CLANG_WARN_UNGUARDED_AVAILABILITY = YES_AGGRESSIVE;
				CLANG_WARN_UNREACHABLE_CODE = YES;
				CLANG_WARN__DUPLICATE_METHOD_MATCH = YES;
				CODE_SIGN_IDENTITY = "iPhone Developer";
				COPY_PHASE_STRIP = NO;
				DEBUG_INFORMATION_FORMAT = "dwarf-with-dsym";
				ENABLE_NS_ASSERTIONS = NO;
				ENABLE_STRICT_OBJC_MSGSEND = YES;
				GCC_C_LANGUAGE_STANDARD = gnu11;
				GCC_NO_COMMON_BLOCKS = YES;
				GCC_WARN_64_TO_32_BIT_CONVERSION = YES;
				GCC_WARN_ABOUT_RETURN_TYPE = YES_ERROR;
				GCC_WARN_UNDECLARED_SELECTOR = YES;
				GCC_WARN_UNINITIALIZED_AUTOS = YES_AGGRESSIVE;
				GCC_WARN_UNUSED_FUNCTION = YES;
				GCC_WARN_UNUSED_VARIABLE = YES;
				IPHONEOS_DEPLOYMENT_TARGET = 11.0;
				MTL_ENABLE_DEBUG_INFO = NO;
				SDKROOT = iphoneos;
				SWIFT_OPTIMIZATION_LEVEL = "-Owholemodule";
				VALIDATE_PRODUCT = YES;
			};
			name = Release;
		};
		D73C09ED1FA345A000B8DC58 /* Debug */ = {
			isa = XCBuildConfiguration;
			baseConfigurationReference = FBFCA7132A98109B71E0291A /* Pods-IssuesApp.debug.xcconfig */;
			buildSettings = {
				ASSETCATALOG_COMPILER_APPICON_NAME = AppIcon;
				CODE_SIGN_STYLE = Automatic;
				DEVELOPMENT_TEAM = CX2K28Z3E9;
				INFOPLIST_FILE = IssuesApp/Info.plist;
				LD_RUNPATH_SEARCH_PATHS = "$(inherited) @executable_path/Frameworks";
				PRODUCT_BUNDLE_IDENTIFIER = com.iosDeveloper.IssuesApp;
				PRODUCT_NAME = "$(TARGET_NAME)";
				SWIFT_SWIFT3_OBJC_INFERENCE = Off;
				SWIFT_VERSION = 3.0;
				TARGETED_DEVICE_FAMILY = "1,2";
			};
			name = Debug;
		};
		D73C09EE1FA345A000B8DC58 /* Release */ = {
			isa = XCBuildConfiguration;
			baseConfigurationReference = 56DAF23B3BF3163B660FC98A /* Pods-IssuesApp.release.xcconfig */;
			buildSettings = {
				ASSETCATALOG_COMPILER_APPICON_NAME = AppIcon;
				CODE_SIGN_STYLE = Automatic;
				DEVELOPMENT_TEAM = CX2K28Z3E9;
				INFOPLIST_FILE = IssuesApp/Info.plist;
				LD_RUNPATH_SEARCH_PATHS = "$(inherited) @executable_path/Frameworks";
				PRODUCT_BUNDLE_IDENTIFIER = com.iosDeveloper.IssuesApp;
				PRODUCT_NAME = "$(TARGET_NAME)";
				SWIFT_SWIFT3_OBJC_INFERENCE = Off;
				SWIFT_VERSION = 3.0;
				TARGETED_DEVICE_FAMILY = "1,2";
			};
			name = Release;
		};
/* End XCBuildConfiguration section */

/* Begin XCConfigurationList section */
		D73C09D51FA345A000B8DC58 /* Build configuration list for PBXProject "IssuesApp" */ = {
			isa = XCConfigurationList;
			buildConfigurations = (
				D73C09EA1FA345A000B8DC58 /* Debug */,
				D73C09EB1FA345A000B8DC58 /* Release */,
			);
			defaultConfigurationIsVisible = 0;
			defaultConfigurationName = Release;
		};
		D73C09EC1FA345A000B8DC58 /* Build configuration list for PBXNativeTarget "IssuesApp" */ = {
			isa = XCConfigurationList;
			buildConfigurations = (
				D73C09ED1FA345A000B8DC58 /* Debug */,
				D73C09EE1FA345A000B8DC58 /* Release */,
			);
			defaultConfigurationIsVisible = 0;
			defaultConfigurationName = Release;
		};
/* End XCConfigurationList section */
	};
	rootObject = D73C09D21FA345A000B8DC58 /* Project object */;
}
